# This file is automatically @generated by Poetry and should not be changed by hand.

[[package]]
name = "arxiv"
version = "1.4.3"
description = "Python wrapper for the arXiv API: http://arxiv.org/help/api/"
category = "main"
optional = false
python-versions = "*"
files = [
    {file = "arxiv-1.4.3-py3-none-any.whl", hash = "sha256:5652331c3b88aff156f4d78e3c6add06f7fb7745836c29c679b1de9142db5685"},
    {file = "arxiv-1.4.3.tar.gz", hash = "sha256:1ab66cb6f79a3fd0b951fd27d605159df4686a66d072dc279d92337ec2b1ecb8"},
]

[package.dependencies]
feedparser = "*"

[[package]]
name = "feedparser"
version = "6.0.10"
description = "Universal feed parser, handles RSS 0.9x, RSS 1.0, RSS 2.0, CDF, Atom 0.3, and Atom 1.0 feeds"
category = "main"
optional = false
python-versions = ">=3.6"
files = [
    {file = "feedparser-6.0.10-py3-none-any.whl", hash = "sha256:79c257d526d13b944e965f6095700587f27388e50ea16fd245babe4dfae7024f"},
    {file = "feedparser-6.0.10.tar.gz", hash = "sha256:27da485f4637ce7163cdeab13a80312b93b7d0c1b775bef4a47629a3110bca51"},
]

[package.dependencies]
sgmllib3k = "*"

[[package]]
name = "sgmllib3k"
version = "1.0.0"
description = "Py3k port of sgmllib."
category = "main"
optional = false
python-versions = "*"
files = [
    {file = "sgmllib3k-1.0.0.tar.gz", hash = "sha256:7868fb1c8bfa764c1ac563d3cf369c381d1325d36124933a726f29fcdaa812e9"},
]

[metadata]
lock-version = "2.0"
python-versions = "^3.10"
content-hash = "f78cdcd3d08c3e8e9bba304d3d8ce8d4c839908845b76cdec1d7402905976b3d"
